
Microsoft Visual Studio Solution File, Format Version 12.00
# Visual Studio Version 16
VisualStudioVersion = 16.0.31702.278
MinimumVisualStudioVersion = 10.0.40219.1
Project("{FAE04EC0-301F-11D3-BF4B-00C04F79EFBC}") = "Mockbuster", "Mockbuster\Mockbuster.csproj", "{80935FF3-A35C-47C6-8BAE-06311920024D}"
EndProject
Global
	GlobalSection(SolutionConfigurationPlatforms) = preSolution
		Debug|Any CPU = Debug|Any CPU
		Release|Any CPU = Release|Any CPU
	EndGlobalSection
	GlobalSection(ProjectConfigurationPlatforms) = postSolution
		{80935FF3-A35C-47C6-8BAE-06311920024D}.Debug|Any CPU.ActiveCfg = Debug|Any CPU
		{80935FF3-A35C-47C6-8BAE-06311920024D}.Debug|Any CPU.Build.0 = Debug|Any CPU
		{80935FF3-A35C-47C6-8BAE-06311920024D}.Release|Any CPU.ActiveCfg = Release|Any CPU
		{80935FF3-A35C-47C6-8BAE-06311920024D}.Release|Any CPU.Build.0 = Release|Any CPU
	EndGlobalSection
	GlobalSection(SolutionProperties) = preSolution
		HideSolutionNode = FALSE
	EndGlobalSection
	GlobalSection(ExtensibilityGlobals) = postSolution
		SolutionGuid = {BE649BB7-B36C-4825-8E7C-1056BDED595E}
	EndGlobalSection
EndGlobal
